
Microsoft Visual Studio Solution File, Format Version 12.00
# Visual Studio 15
VisualStudioVersion = 15.0.27703.2026
MinimumVisualStudioVersion = 10.0.40219.1
Project("{FAE04EC0-301F-11D3-BF4B-00C04F79EFBC}") = "ColeçãoProjeto", "ColeçãoProjeto\ColeçãoProjeto.csproj", "{635C2425-C203-4359-B9CB-F391B66C499A}"
EndProject
Global
	GlobalSection(SolutionConfigurationPlatforms) = preSolution
		Debug|Any CPU = Debug|Any CPU
		Release|Any CPU = Release|Any CPU
	EndGlobalSection
	GlobalSection(ProjectConfigurationPlatforms) = postSolution
		{635C2425-C203-4359-B9CB-F391B66C499A}.Debug|Any CPU.ActiveCfg = Debug|Any CPU
		{635C2425-C203-4359-B9CB-F391B66C499A}.Debug|Any CPU.Build.0 = Debug|Any CPU
		{635C2425-C203-4359-B9CB-F391B66C499A}.Release|Any CPU.ActiveCfg = Release|Any CPU
		{635C2425-C203-4359-B9CB-F391B66C499A}.Release|Any CPU.Build.0 = Release|Any CPU
	EndGlobalSection
	GlobalSection(SolutionProperties) = preSolution
		HideSolutionNode = FALSE
	EndGlobalSection
	GlobalSection(ExtensibilityGlobals) = postSolution
		SolutionGuid = {AFB538E6-FE73-4F3F-BD6C-10DDE883BA11}
	EndGlobalSection
EndGlobal
